# THIS IS AN AUTOGENERATED FILE. DO NOT EDIT THIS FILE DIRECTLY.
# yarn lockfile v1


"@ngx-i18nsupport/ngx-i18nsupport-lib@^1.11.0":
  version "1.11.0"
  resolved "https://registry.yarnpkg.com/@ngx-i18nsupport/ngx-i18nsupport-lib/-/ngx-i18nsupport-lib-1.11.0.tgz#75179a7ecb9e139d9a3ba0f261b53dfb0b3ba703"
  integrity sha512-MIkpq/UHafk7ONUmh830c7c9G2x9gkXjXzaxlNJBbUG8oCUoiD0cte/Gho1qYgdQ1sQp9ApNgH+OZaRjUz+wWg==
  dependencies:
    "@types/xmldom" "^0.1.29"
    tokenizr "^1.3.10"
    tslib "^1.9.0"
    xmldom "^0.1.27"

"@types/xmldom@^0.1.29":
  version "0.1.29"
  resolved "https://registry.yarnpkg.com/@types/xmldom/-/xmldom-0.1.29.tgz#c4428b0ca86d3b881475726fd94980b38a27c381"
  integrity sha1-xEKLDKhtO4gUdXJv2UmAs4onw4E=

colors@0.5.x:
  version "0.5.1"
  resolved "https://registry.yarnpkg.com/colors/-/colors-0.5.1.tgz#7d0023eaeb154e8ee9fce75dcb923d0ed1667774"
  integrity sha1-fQAj6usVTo7p/Oddy5I9DtFmd3Q=

core-js@^2.4.1:
  version "2.5.7"
  resolved "https://registry.yarnpkg.com/core-js/-/core-js-2.5.7.tgz#f972608ff0cead68b841a16a932d0b183791814e"
  integrity sha512-RszJCAxg/PP6uzXVXL6BsxSXx/B05oJAQ2vkJRjyjrEcNVycaqOmNb5OTxZPE3xa5gwZduqza6L9JOCenh/Ecw==

file-saver@^1.3.3:
  version "1.3.8"
  resolved "https://registry.yarnpkg.com/file-saver/-/file-saver-1.3.8.tgz#e68a30c7cb044e2fb362b428469feb291c2e09d8"
  integrity sha512-spKHSBQIxxS81N/O21WmuXA2F6wppUCsutpzenOeZzOCCJ5gEfcbqJP983IrpLXzYmXnMUa6J03SubcNPdKrlg==

flag-icon-css@^2.8.0:
  version "2.9.0"
  resolved "https://registry.yarnpkg.com/flag-icon-css/-/flag-icon-css-2.9.0.tgz#5793c15244e3c63ae36631478a758a3fc29c86be"
  integrity sha512-SeHvGEB43XFPZiJz6lFFRGHfp+Db+s1qGiClW70cZauQVbPM42wImlNUEuXSXs94kPchz7xvoxP0QK1y6FxLfg==

lru-cache@2:
  version "2.7.3"
  resolved "https://registry.yarnpkg.com/lru-cache/-/lru-cache-2.7.3.tgz#6d4524e8b955f95d4f5b58851ce21dd72fb4e952"
  integrity sha1-bUUk6LlV+V1PW1iFHOId1y+06VI=

minimatch@~0.2.9:
  version "0.2.14"
  resolved "https://registry.yarnpkg.com/minimatch/-/minimatch-0.2.14.tgz#c74e780574f63c6f9a090e90efbe6ef53a6a756a"
  integrity sha1-x054BXT2PG+aCQ6Q775u9TpqdWo=
  dependencies:
    lru-cache "2"
    sigmund "~1.0.0"

nomnom@1.6.x:
  version "1.6.2"
  resolved "https://registry.yarnpkg.com/nomnom/-/nomnom-1.6.2.tgz#84a66a260174408fc5b77a18f888eccc44fb6971"
  integrity sha1-hKZqJgF0QI/Ft3oY+IjszET7aXE=
  dependencies:
    colors "0.5.x"
    underscore "~1.4.4"

replace@^0.3.0:
  version "0.3.0"
  resolved "https://registry.yarnpkg.com/replace/-/replace-0.3.0.tgz#60081721188658595ab6a794eb7fedcb4c8d39c7"
  integrity sha1-YAgXIRiGWFlatqeU63/ty0yNOcc=
  dependencies:
    colors "0.5.x"
    minimatch "~0.2.9"
    nomnom "1.6.x"

sigmund@~1.0.0:
  version "1.0.1"
  resolved "https://registry.yarnpkg.com/sigmund/-/sigmund-1.0.1.tgz#3ff21f198cad2175f9f3b781853fd94d0d19b590"
  integrity sha1-P/IfGYytIXX587eBhT/ZTQ0ZtZA=

tokenizr@^1.3.10:
  version "1.3.10"
  resolved "https://registry.yarnpkg.com/tokenizr/-/tokenizr-1.3.10.tgz#40702a76602520273a0dbd269d1a035200020e47"
  integrity sha512-XlYlczHEQrbmj/JInA9vcsBJlukyTJWvjmQodjlbkul5fZ4o1JDNYAvLlrHZs03CSR8nFjNmTEqN3NrjTjmN+A==

tslib@^1.9.0:
  version "1.9.3"
  resolved "https://registry.yarnpkg.com/tslib/-/tslib-1.9.3.tgz#d7e4dd79245d85428c4d7e4822a79917954ca286"
  integrity sha512-4krF8scpejhaOgqzBEcGM7yDIEfi0/8+8zDRZhNZZ2kjmHJ4hv3zCbQWxoJGz1iw5U0Jl0nma13xzHXcncMavQ==

underscore@~1.4.4:
  version "1.4.4"
  resolved "https://registry.yarnpkg.com/underscore/-/underscore-1.4.4.tgz#61a6a32010622afa07963bf325203cf12239d604"
  integrity sha1-YaajIBBiKvoHljvzJSA88SI51gQ=

xmldom@^0.1.27:
  version "0.1.27"
  resolved "https://registry.yarnpkg.com/xmldom/-/xmldom-0.1.27.tgz#d501f97b3bdb403af8ef9ecc20573187aadac0e9"
  integrity sha1-1QH5ezvbQDr4757MIFcxh6rawOk=
